// !$*UTF8*$!
{
	archiveVersion = 1;
	classes = {
	};
	objectVersion = 46;
	objects = {

/* Begin PBXBuildFile section */
		F53DC78C1EBC138A00D9C87F /* main.m in Sources */ = {isa = PBXBuildFile; fileRef = F53DC78B1EBC138A00D9C87F /* main.m */; };
		F53DC78F1EBC138A00D9C87F /* AppDelegate.m in Sources */ = {isa = PBXBuildFile; fileRef = F53DC78E1EBC138A00D9C87F /* AppDelegate.m */; };
		F53DC7921EBC138A00D9C87F /* ViewController.m in Sources */ = {isa = PBXBuildFile; fileRef = F53DC7911EBC138A00D9C87F /* ViewController.m */; };
		F53DC7951EBC138A00D9C87F /* Main.storyboard in Resources */ = {isa = PBXBuildFile; fileRef = F53DC7931EBC138A00D9C87F /* Main.storyboard */; };
		F53DC7971EBC138A00D9C87F /* Assets.xcassets in Resources */ = {isa = PBXBuildFile; fileRef = F53DC7961EBC138A00D9C87F /* Assets.xcassets */; };
		F53DC79A1EBC138A00D9C87F /* LaunchScreen.storyboard in Resources */ = {isa = PBXBuildFile; fileRef = F53DC7981EBC138A00D9C87F /* LaunchScreen.storyboard */; };
		F53DC7AB1EBC13B900D9C87F /* password_in@2x.png in Resources */ = {isa = PBXBuildFile; fileRef = F53DC7A21EBC13B900D9C87F /* password_in@2x.png */; };
		F53DC7AC1EBC13B900D9C87F /* password_in@3x.png in Resources */ = {isa = PBXBuildFile; fileRef = F53DC7A31EBC13B900D9C87F /* password_in@3x.png */; };
		F53DC7AD1EBC13B900D9C87F /* pssword_bg@2x.png in Resources */ = {isa = PBXBuildFile; fileRef = F53DC7A41EBC13B900D9C87F /* pssword_bg@2x.png */; };
		F53DC7AE1EBC13B900D9C87F /* pssword_bg@3x.png in Resources */ = {isa = PBXBuildFile; fileRef = F53DC7A51EBC13B900D9C87F /* pssword_bg@3x.png */; };
		F53DC7AF1EBC13B900D9C87F /* yuan@2x.png in Resources */ = {isa = PBXBuildFile; fileRef = F53DC7A61EBC13B900D9C87F /* yuan@2x.png */; };
		F53DC7B01EBC13B900D9C87F /* yuan@3x.png in Resources */ = {isa = PBXBuildFile; fileRef = F53DC7A71EBC13B900D9C87F /* yuan@3x.png */; };
		F53DC7B11EBC13B900D9C87F /* zhifu-close@2x.png in Resources */ = {isa = PBXBuildFile; fileRef = F53DC7A81EBC13B900D9C87F /* zhifu-close@2x.png */; };
		F53DC7B21EBC13B900D9C87F /* zhifu-close@3x.png in Resources */ = {isa = PBXBuildFile; fileRef = F53DC7A91EBC13B900D9C87F /* zhifu-close@3x.png */; };
		F53DC7B51EBC142700D9C87F /* PassWordView.m in Sources */ = {isa = PBXBuildFile; fileRef = F53DC7B41EBC142700D9C87F /* PassWordView.m */; };
		F53DC7B71EBC53DF00D9C87F /* 密码输入.gif in Resources */ = {isa = PBXBuildFile; fileRef = F53DC7B61EBC53DF00D9C87F /* 密码输入.gif */; };
		F53DC7BA1EBC6AE700D9C87F /* LocalAuthentication.framework in Frameworks */ = {isa = PBXBuildFile; fileRef = F53DC7B91EBC6AE700D9C87F /* LocalAuthentication.framework */; };
/* End PBXBuildFile section */

/* Begin PBXFileReference section */
		F53DC7871EBC138A00D9C87F /* Password.app */ = {isa = PBXFileReference; explicitFileType = wrapper.application; includeInIndex = 0; path = Password.app; sourceTree = BUILT_PRODUCTS_DIR; };
		F53DC78B1EBC138A00D9C87F /* main.m */ = {isa = PBXFileReference; lastKnownFileType = sourcecode.c.objc; path = main.m; sourceTree = "<group>"; };
		F53DC78D1EBC138A00D9C87F /* AppDelegate.h */ = {isa = PBXFileReference; lastKnownFileType = sourcecode.c.h; path = AppDelegate.h; sourceTree = "<group>"; };
		F53DC78E1EBC138A00D9C87F /* AppDelegate.m */ = {isa = PBXFileReference; lastKnownFileType = sourcecode.c.objc; path = AppDelegate.m; sourceTree = "<group>"; };
		F53DC7901EBC138A00D9C87F /* ViewController.h */ = {isa = PBXFileReference; lastKnownFileType = sourcecode.c.h; path = ViewController.h; sourceTree = "<group>"; };
		F53DC7911EBC138A00D9C87F /* ViewController.m */ = {isa = PBXFileReference; lastKnownFileType = sourcecode.c.objc; path = ViewController.m; sourceTree = "<group>"; };
		F53DC7941EBC138A00D9C87F /* Base */ = {isa = PBXFileReference; lastKnownFileType = file.storyboard; name = Base; path = Base.lproj/Main.storyboard; sourceTree = "<group>"; };
		F53DC7961EBC138A00D9C87F /* Assets.xcassets */ = {isa = PBXFileReference; lastKnownFileType = folder.assetcatalog; path = Assets.xcassets; sourceTree = "<group>"; };
		F53DC7991EBC138A00D9C87F /* Base */ = {isa = PBXFileReference; lastKnownFileType = file.storyboard; name = Base; path = Base.lproj/LaunchScreen.storyboard; sourceTree = "<group>"; };
		F53DC79B1EBC138A00D9C87F /* Info.plist */ = {isa = PBXFileReference; lastKnownFileType = text.plist.xml; path = Info.plist; sourceTree = "<group>"; };
		F53DC7A21EBC13B900D9C87F /* password_in@2x.png */ = {isa = PBXFileReference; lastKnownFileType = image.png; path = "password_in@2x.png"; sourceTree = "<group>"; };
		F53DC7A31EBC13B900D9C87F /* password_in@3x.png */ = {isa = PBXFileReference; lastKnownFileType = image.png; path = "password_in@3x.png"; sourceTree = "<group>"; };
		F53DC7A41EBC13B900D9C87F /* pssword_bg@2x.png */ = {isa = PBXFileReference; lastKnownFileType = image.png; path = "pssword_bg@2x.png"; sourceTree = "<group>"; };
		F53DC7A51EBC13B900D9C87F /* pssword_bg@3x.png */ = {isa = PBXFileReference; lastKnownFileType = image.png; path = "pssword_bg@3x.png"; sourceTree = "<group>"; };
		F53DC7A61EBC13B900D9C87F /* yuan@2x.png */ = {isa = PBXFileReference; lastKnownFileType = image.png; path = "yuan@2x.png"; sourceTree = "<group>"; };
		F53DC7A71EBC13B900D9C87F /* yuan@3x.png */ = {isa = PBXFileReference; lastKnownFileType = image.png; path = "yuan@3x.png"; sourceTree = "<group>"; };
		F53DC7A81EBC13B900D9C87F /* zhifu-close@2x.png */ = {isa = PBXFileReference; lastKnownFileType = image.png; path = "zhifu-close@2x.png"; sourceTree = "<group>"; };
		F53DC7A91EBC13B900D9C87F /* zhifu-close@3x.png */ = {isa = PBXFileReference; lastKnownFileType = image.png; path = "zhifu-close@3x.png"; sourceTree = "<group>"; };
		F53DC7B31EBC142700D9C87F /* PassWordView.h */ = {isa = PBXFileReference; fileEncoding = 4; lastKnownFileType = sourcecode.c.h; path = PassWordView.h; sourceTree = "<group>"; };
		F53DC7B41EBC142700D9C87F /* PassWordView.m */ = {isa = PBXFileReference; fileEncoding = 4; lastKnownFileType = sourcecode.c.objc; path = PassWordView.m; sourceTree = "<group>"; };
		F53DC7B61EBC53DF00D9C87F /* 密码输入.gif */ = {isa = PBXFileReference; lastKnownFileType = image.gif; path = "密码输入.gif"; sourceTree = "<group>"; };
		F53DC7B91EBC6AE700D9C87F /* LocalAuthentication.framework */ = {isa = PBXFileReference; lastKnownFileType = wrapper.framework; name = LocalAuthentication.framework; path = System/Library/Frameworks/LocalAuthentication.framework; sourceTree = SDKROOT; };
/* End PBXFileReference section */

/* Begin PBXFrameworksBuildPhase section */
		F53DC7841EBC138A00D9C87F /* Frameworks */ = {
			isa = PBXFrameworksBuildPhase;
			buildActionMask = 2147483647;
			files = (
				F53DC7BA1EBC6AE700D9C87F /* LocalAuthentication.framework in Frameworks */,
			);
			runOnlyForDeploymentPostprocessing = 0;
		};
/* End PBXFrameworksBuildPhase section */

/* Begin PBXGroup section */
		F53DC77E1EBC138A00D9C87F = {
			isa = PBXGroup;
			children = (
				F53DC7891EBC138A00D9C87F /* Password */,
				F53DC7881EBC138A00D9C87F /* Products */,
				F53DC7B81EBC6AE700D9C87F /* Frameworks */,
			);
			sourceTree = "<group>";
		};
		F53DC7881EBC138A00D9C87F /* Products */ = {
			isa = PBXGroup;
			children = (
				F53DC7871EBC138A00D9C87F /* Password.app */,
			);
			name = Products;
			sourceTree = "<group>";
		};
		F53DC7891EBC138A00D9C87F /* Password */ = {
			isa = PBXGroup;
			children = (
				F53DC7A11EBC13B900D9C87F /* Image */,
				F53DC7AA1EBC13B900D9C87F /* PasswordView */,
				F53DC78D1EBC138A00D9C87F /* AppDelegate.h */,
				F53DC78E1EBC138A00D9C87F /* AppDelegate.m */,
				F53DC7901EBC138A00D9C87F /* ViewController.h */,
				F53DC7911EBC138A00D9C87F /* ViewController.m */,
				F53DC7931EBC138A00D9C87F /* Main.storyboard */,
				F53DC7961EBC138A00D9C87F /* Assets.xcassets */,
				F53DC7981EBC138A00D9C87F /* LaunchScreen.storyboard */,
				F53DC79B1EBC138A00D9C87F /* Info.plist */,
				F53DC78A1EBC138A00D9C87F /* Supporting Files */,
			);
			path = Password;
			sourceTree = "<group>";
		};
		F53DC78A1EBC138A00D9C87F /* Supporting Files */ = {
			isa = PBXGroup;
			children = (
				F53DC78B1EBC138A00D9C87F /* main.m */,
			);
			name = "Supporting Files";
			sourceTree = "<group>";
		};
		F53DC7A11EBC13B900D9C87F /* Image */ = {
			isa = PBXGroup;
			children = (
				F53DC7B61EBC53DF00D9C87F /* 密码输入.gif */,
				F53DC7A21EBC13B900D9C87F /* password_in@2x.png */,
				F53DC7A31EBC13B900D9C87F /* password_in@3x.png */,
				F53DC7A41EBC13B900D9C87F /* pssword_bg@2x.png */,
				F53DC7A51EBC13B900D9C87F /* pssword_bg@3x.png */,
				F53DC7A61EBC13B900D9C87F /* yuan@2x.png */,
				F53DC7A71EBC13B900D9C87F /* yuan@3x.png */,
				F53DC7A81EBC13B900D9C87F /* zhifu-close@2x.png */,
				F53DC7A91EBC13B900D9C87F /* zhifu-close@3x.png */,
			);
			path = Image;
			sourceTree = "<group>";
		};
		F53DC7AA1EBC13B900D9C87F /* PasswordView */ = {
			isa = PBXGroup;
			children = (
				F53DC7B31EBC142700D9C87F /* PassWordView.h */,
				F53DC7B41EBC142700D9C87F /* PassWordView.m */,
			);
			path = PasswordView;
			sourceTree = "<group>";
		};
		F53DC7B81EBC6AE700D9C87F /* Frameworks */ = {
			isa = PBXGroup;
			children = (
				F53DC7B91EBC6AE700D9C87F /* LocalAuthentication.framework */,
			);
			name = Frameworks;
			sourceTree = "<group>";
		};
/* End PBXGroup section */

/* Begin PBXNativeTarget section */
		F53DC7861EBC138A00D9C87F /* Password */ = {
			isa = PBXNativeTarget;
			buildConfigurationList = F53DC79E1EBC138A00D9C87F /* Build configuration list for PBXNativeTarget "Password" */;
			buildPhases = (
				F53DC7831EBC138A00D9C87F /* Sources */,
				F53DC7841EBC138A00D9C87F /* Frameworks */,
				F53DC7851EBC138A00D9C87F /* Resources */,
			);
			buildRules = (
			);
			dependencies = (
			);
			name = Password;
			productName = Password;
			productReference = F53DC7871EBC138A00D9C87F /* Password.app */;
			productType = "com.apple.product-type.application";
		};
/* End PBXNativeTarget section */

/* Begin PBXProject section */
		F53DC77F1EBC138A00D9C87F /* Project object */ = {
			isa = PBXProject;
			attributes = {
				LastUpgradeCheck = 0830;
				ORGANIZATIONNAME = dong;
				TargetAttributes = {
					F53DC7861EBC138A00D9C87F = {
						CreatedOnToolsVersion = 8.3.2;
						DevelopmentTeam = U37X4645WQ;
						ProvisioningStyle = Automatic;
					};
				};
			};
			buildConfigurationList = F53DC7821EBC138A00D9C87F /* Build configuration list for PBXProject "Password" */;
			compatibilityVersion = "Xcode 3.2";
			developmentRegion = English;
			hasScannedForEncodings = 0;
			knownRegions = (
				en,
				Base,
			);
			mainGroup = F53DC77E1EBC138A00D9C87F;
			productRefGroup = F53DC7881EBC138A00D9C87F /* Products */;
			projectDirPath = "";
			projectRoot = "";
			targets = (
				F53DC7861EBC138A00D9C87F /* Password */,
			);
		};
/* End PBXProject section */

/* Begin PBXResourcesBuildPhase section */
		F53DC7851EBC138A00D9C87F /* Resources */ = {
			isa = PBXResourcesBuildPhase;
			buildActionMask = 2147483647;
			files = (
				F53DC7AB1EBC13B900D9C87F /* password_in@2x.png in Resources */,
				F53DC79A1EBC138A00D9C87F /* LaunchScreen.storyboard in Resources */,
				F53DC7AD1EBC13B900D9C87F /* pssword_bg@2x.png in Resources */,
				F53DC7B01EBC13B900D9C87F /* yuan@3x.png in Resources */,
				F53DC7AE1EBC13B900D9C87F /* pssword_bg@3x.png in Resources */,
				F53DC7971EBC138A00D9C87F /* Assets.xcassets in Resources */,
				F53DC7B11EBC13B900D9C87F /* zhifu-close@2x.png in Resources */,
				F53DC7B71EBC53DF00D9C87F /* 密码输入.gif in Resources */,
				F53DC7AF1EBC13B900D9C87F /* yuan@2x.png in Resources */,
				F53DC7B21EBC13B900D9C87F /* zhifu-close@3x.png in Resources */,
				F53DC7951EBC138A00D9C87F /* Main.storyboard in Resources */,
				F53DC7AC1EBC13B900D9C87F /* password_in@3x.png in Resources */,
			);
			runOnlyForDeploymentPostprocessing = 0;
		};
/* End PBXResourcesBuildPhase section */

/* Begin PBXSourcesBuildPhase section */
		F53DC7831EBC138A00D9C87F /* Sources */ = {
			isa = PBXSourcesBuildPhase;
			buildActionMask = 2147483647;
			files = (
				F53DC7921EBC138A00D9C87F /* ViewController.m in Sources */,
				F53DC78F1EBC138A00D9C87F /* AppDelegate.m in Sources */,
				F53DC78C1EBC138A00D9C87F /* main.m in Sources */,
				F53DC7B51EBC142700D9C87F /* PassWordView.m in Sources */,
			);
			runOnlyForDeploymentPostprocessing = 0;
		};
/* End PBXSourcesBuildPhase section */

/* Begin PBXVariantGroup section */
		F53DC7931EBC138A00D9C87F /* Main.storyboard */ = {
			isa = PBXVariantGroup;
			children = (
				F53DC7941EBC138A00D9C87F /* Base */,
			);
			name = Main.storyboard;
			sourceTree = "<group>";
		};
		F53DC7981EBC138A00D9C87F /* LaunchScreen.storyboard */ = {
			isa = PBXVariantGroup;
			children = (
				F53DC7991EBC138A00D9C87F /* Base */,
			);
			name = LaunchScreen.storyboard;
			sourceTree = "<group>";
		};
/* End PBXVariantGroup section */

/* Begin XCBuildConfiguration section */
		F53DC79C1EBC138A00D9C87F /* Debug */ = {
			isa = XCBuildConfiguration;
			buildSettings = {
				ALWAYS_SEARCH_USER_PATHS = NO;
				CLANG_ANALYZER_NONNULL = YES;
				CLANG_ANALYZER_NUMBER_OBJECT_CONVERSION = YES_AGGRESSIVE;
				CLANG_CXX_LANGUAGE_STANDARD = "gnu++0x";
				CLANG_CXX_LIBRARY = "libc++";
				CLANG_ENABLE_MODULES = YES;
				CLANG_ENABLE_OBJC_ARC = YES;
				CLANG_WARN_BOOL_CONVERSION = YES;
				CLANG_WARN_CONSTANT_CONVERSION = YES;
				CLANG_WARN_DIRECT_OBJC_ISA_USAGE = YES_ERROR;
				CLANG_WARN_DOCUMENTATION_COMMENTS = YES;
				CLANG_WARN_EMPTY_BODY = YES;
				CLANG_WARN_ENUM_CONVERSION = YES;
				CLANG_WARN_INFINITE_RECURSION = YES;
				CLANG_WARN_INT_CONVERSION = YES;
				CLANG_WARN_OBJC_ROOT_CLASS = YES_ERROR;
				CLANG_WARN_SUSPICIOUS_MOVE = YES;
				CLANG_WARN_UNREACHABLE_CODE = YES;
				CLANG_WARN__DUPLICATE_METHOD_MATCH = YES;
				"CODE_SIGN_IDENTITY[sdk=iphoneos*]" = "iPhone Developer";
				COPY_PHASE_STRIP = NO;
				DEBUG_INFORMATION_FORMAT = dwarf;
				ENABLE_STRICT_OBJC_MSGSEND = YES;
				ENABLE_TESTABILITY = YES;
				GCC_C_LANGUAGE_STANDARD = gnu99;
				GCC_DYNAMIC_NO_PIC = NO;
				GCC_NO_COMMON_BLOCKS = YES;
				GCC_OPTIMIZATION_LEVEL = 0;
				GCC_PREPROCESSOR_DEFINITIONS = (
					"DEBUG=1",
					"$(inherited)",
				);
				GCC_WARN_64_TO_32_BIT_CONVERSION = YES;
				GCC_WARN_ABOUT_RETURN_TYPE = YES_ERROR;
				GCC_WARN_UNDECLARED_SELECTOR = YES;
				GCC_WARN_UNINITIALIZED_AUTOS = YES_AGGRESSIVE;
				GCC_WARN_UNUSED_FUNCTION = YES;
				GCC_WARN_UNUSED_VARIABLE = YES;
				IPHONEOS_DEPLOYMENT_TARGET = 10.3;
				MTL_ENABLE_DEBUG_INFO = YES;
				ONLY_ACTIVE_ARCH = YES;
				SDKROOT = iphoneos;
				TARGETED_DEVICE_FAMILY = 2;
			};
			name = Debug;
		};
		F53DC79D1EBC138A00D9C87F /* Release */ = {
			isa = XCBuildConfiguration;
			buildSettings = {
				ALWAYS_SEARCH_USER_PATHS = NO;
				CLANG_ANALYZER_NONNULL = YES;
				CLANG_ANALYZER_NUMBER_OBJECT_CONVERSION = YES_AGGRESSIVE;
				CLANG_CXX_LANGUAGE_STANDARD = "gnu++0x";
				CLANG_CXX_LIBRARY = "libc++";
				CLANG_ENABLE_MODULES = YES;
				CLANG_ENABLE_OBJC_ARC = YES;
				CLANG_WARN_BOOL_CONVERSION = YES;
				CLANG_WARN_CONSTANT_CONVERSION = YES;
				CLANG_WARN_DIRECT_OBJC_ISA_USAGE = YES_ERROR;
				CLANG_WARN_DOCUMENTATION_COMMENTS = YES;
				CLANG_WARN_EMPTY_BODY = YES;
				CLANG_WARN_ENUM_CONVERSION = YES;
				CLANG_WARN_INFINITE_RECURSION = YES;
				CLANG_WARN_INT_CONVERSION = YES;
				CLANG_WARN_OBJC_ROOT_CLASS = YES_ERROR;
				CLANG_WARN_SUSPICIOUS_MOVE = YES;
				CLANG_WARN_UNREACHABLE_CODE = YES;
				CLANG_WARN__DUPLICATE_METHOD_MATCH = YES;
				"CODE_SIGN_IDENTITY[sdk=iphoneos*]" = "iPhone Developer";
				COPY_PHASE_STRIP = NO;
				DEBUG_INFORMATION_FORMAT = "dwarf-with-dsym";
				ENABLE_NS_ASSERTIONS = NO;
				ENABLE_STRICT_OBJC_MSGSEND = YES;
				GCC_C_LANGUAGE_STANDARD = gnu99;
				GCC_NO_COMMON_BLOCKS = YES;
				GCC_WARN_64_TO_32_BIT_CONVERSION = YES;
				GCC_WARN_ABOUT_RETURN_TYPE = YES_ERROR;
				GCC_WARN_UNDECLARED_SELECTOR = YES;
				GCC_WARN_UNINITIALIZED_AUTOS = YES_AGGRESSIVE;
				GCC_WARN_UNUSED_FUNCTION = YES;
				GCC_WARN_UNUSED_VARIABLE = YES;
				IPHONEOS_DEPLOYMENT_TARGET = 10.3;
				MTL_ENABLE_DEBUG_INFO = NO;
				SDKROOT = iphoneos;
				TARGETED_DEVICE_FAMILY = 2;
				VALIDATE_PRODUCT = YES;
			};
			name = Release;
		};
		F53DC79F1EBC138A00D9C87F /* Debug */ = {
			isa = XCBuildConfiguration;
			buildSettings = {
				ASSETCATALOG_COMPILER_APPICON_NAME = AppIcon;
				DEVELOPMENT_TEAM = U37X4645WQ;
				INFOPLIST_FILE = Password/Info.plist;
				LD_RUNPATH_SEARCH_PATHS = "$(inherited) @executable_path/Frameworks";
				PRODUCT_BUNDLE_IDENTIFIER = cn.djp.Password;
				PRODUCT_NAME = "$(TARGET_NAME)";
				TARGETED_DEVICE_FAMILY = 1;
			};
			name = Debug;
		};
		F53DC7A01EBC138A00D9C87F /* Release */ = {
			isa = XCBuildConfiguration;
			buildSettings = {
				ASSETCATALOG_COMPILER_APPICON_NAME = AppIcon;
				DEVELOPMENT_TEAM = U37X4645WQ;
				INFOPLIST_FILE = Password/Info.plist;
				LD_RUNPATH_SEARCH_PATHS = "$(inherited) @executable_path/Frameworks";
				PRODUCT_BUNDLE_IDENTIFIER = cn.djp.Password;
				PRODUCT_NAME = "$(TARGET_NAME)";
				TARGETED_DEVICE_FAMILY = 1;
			};
			name = Release;
		};
/* End XCBuildConfiguration section */

/* Begin XCConfigurationList section */
		F53DC7821EBC138A00D9C87F /* Build configuration list for PBXProject "Password" */ = {
			isa = XCConfigurationList;
			buildConfigurations = (
				F53DC79C1EBC138A00D9C87F /* Debug */,
				F53DC79D1EBC138A00D9C87F /* Release */,
			);
			defaultConfigurationIsVisible = 0;
			defaultConfigurationName = Release;
		};
		F53DC79E1EBC138A00D9C87F /* Build configuration list for PBXNativeTarget "Password" */ = {
			isa = XCConfigurationList;
			buildConfigurations = (
				F53DC79F1EBC138A00D9C87F /* Debug */,
				F53DC7A01EBC138A00D9C87F /* Release */,
			);
			defaultConfigurationIsVisible = 0;
			defaultConfigurationName = Release;
		};
/* End XCConfigurationList section */
	};
	rootObject = F53DC77F1EBC138A00D9C87F /* Project object */;
}
